
Microsoft Visual Studio Solution File, Format Version 12.00
# Visual Studio Version 16
VisualStudioVersion = 16.0.31624.102
MinimumVisualStudioVersion = 10.0.40219.1
Project("{FAE04EC0-301F-11D3-BF4B-00C04F79EFBC}") = "BlocksMenu", "BlocksMenu.csproj", "{8A38B8C2-19F7-4600-A2D1-5FE2E6EF37B6}"
EndProject
Global
	GlobalSection(SolutionConfigurationPlatforms) = preSolution
		Debug|Any CPU = Debug|Any CPU
		Release|Any CPU = Release|Any CPU
	EndGlobalSection
	GlobalSection(ProjectConfigurationPlatforms) = postSolution
		{8A38B8C2-19F7-4600-A2D1-5FE2E6EF37B6}.Debug|Any CPU.ActiveCfg = Debug|Any CPU
		{8A38B8C2-19F7-4600-A2D1-5FE2E6EF37B6}.Release|Any CPU.ActiveCfg = Debug|Any CPU
		{8A38B8C2-19F7-4600-A2D1-5FE2E6EF37B6}.Release|Any CPU.Build.0 = Debug|Any CPU
	EndGlobalSection
	GlobalSection(SolutionProperties) = preSolution
		HideSolutionNode = FALSE
	EndGlobalSection
	GlobalSection(ExtensibilityGlobals) = postSolution
		SolutionGuid = {04C292A5-F928-45B2-972F-94B03E1E712C}
	EndGlobalSection
EndGlobal
